// !$*UTF8*$!
{
	archiveVersion = 1;
	classes = {
	};
	objectVersion = 46;
	objects = {

/* Begin PBXBuildFile section */
		959622BE1F6E043D004A4F99 /* AppDelegate.swift in Sources */ = {isa = PBXBuildFile; fileRef = 959622BD1F6E043D004A4F99 /* AppDelegate.swift */; };
		959622C01F6E043D004A4F99 /* FirstTableViewController.swift in Sources */ = {isa = PBXBuildFile; fileRef = 959622BF1F6E043D004A4F99 /* FirstTableViewController.swift */; };
		959622C31F6E043D004A4F99 /* Main.storyboard in Resources */ = {isa = PBXBuildFile; fileRef = 959622C11F6E043D004A4F99 /* Main.storyboard */; };
		959622C51F6E043D004A4F99 /* Assets.xcassets in Resources */ = {isa = PBXBuildFile; fileRef = 959622C41F6E043D004A4F99 /* Assets.xcassets */; };
		959622C81F6E043D004A4F99 /* LaunchScreen.storyboard in Resources */ = {isa = PBXBuildFile; fileRef = 959622C61F6E043D004A4F99 /* LaunchScreen.storyboard */; };
		959622D31F6E043E004A4F99 /* videoCCCTests.swift in Sources */ = {isa = PBXBuildFile; fileRef = 959622D21F6E043E004A4F99 /* videoCCCTests.swift */; };
		959622DE1F6E043E004A4F99 /* videoCCCUITests.swift in Sources */ = {isa = PBXBuildFile; fileRef = 959622DD1F6E043E004A4F99 /* videoCCCUITests.swift */; };
		959622EC1F6E0802004A4F99 /* BirdCell.swift in Sources */ = {isa = PBXBuildFile; fileRef = 959622EB1F6E0802004A4F99 /* BirdCell.swift */; };
		959622EE1F6E0BCA004A4F99 /* BirdCellDelegate.swift in Sources */ = {isa = PBXBuildFile; fileRef = 959622ED1F6E0BCA004A4F99 /* BirdCellDelegate.swift */; };
/* End PBXBuildFile section */

/* Begin PBXContainerItemProxy section */
		959622CF1F6E043E004A4F99 /* PBXContainerItemProxy */ = {
			isa = PBXContainerItemProxy;
			containerPortal = 959622B21F6E043D004A4F99 /* Project object */;
			proxyType = 1;
			remoteGlobalIDString = 959622B91F6E043D004A4F99;
			remoteInfo = videoCCC;
		};
		959622DA1F6E043E004A4F99 /* PBXContainerItemProxy */ = {
			isa = PBXContainerItemProxy;
			containerPortal = 959622B21F6E043D004A4F99 /* Project object */;
			proxyType = 1;
			remoteGlobalIDString = 959622B91F6E043D004A4F99;
			remoteInfo = videoCCC;
		};
/* End PBXContainerItemProxy section */

/* Begin PBXFileReference section */
		959622BA1F6E043D004A4F99 /* videoCCC.app */ = {isa = PBXFileReference; explicitFileType = wrapper.application; includeInIndex = 0; path = videoCCC.app; sourceTree = BUILT_PRODUCTS_DIR; };
		959622BD1F6E043D004A4F99 /* AppDelegate.swift */ = {isa = PBXFileReference; lastKnownFileType = sourcecode.swift; path = AppDelegate.swift; sourceTree = "<group>"; };
		959622BF1F6E043D004A4F99 /* FirstTableViewController.swift */ = {isa = PBXFileReference; lastKnownFileType = sourcecode.swift; path = FirstTableViewController.swift; sourceTree = "<group>"; };
		959622C21F6E043D004A4F99 /* Base */ = {isa = PBXFileReference; lastKnownFileType = file.storyboard; name = Base; path = Base.lproj/Main.storyboard; sourceTree = "<group>"; };
		959622C41F6E043D004A4F99 /* Assets.xcassets */ = {isa = PBXFileReference; lastKnownFileType = folder.assetcatalog; path = Assets.xcassets; sourceTree = "<group>"; };
		959622C71F6E043D004A4F99 /* Base */ = {isa = PBXFileReference; lastKnownFileType = file.storyboard; name = Base; path = Base.lproj/LaunchScreen.storyboard; sourceTree = "<group>"; };
		959622C91F6E043D004A4F99 /* Info.plist */ = {isa = PBXFileReference; lastKnownFileType = text.plist.xml; path = Info.plist; sourceTree = "<group>"; };
		959622CE1F6E043E004A4F99 /* videoCCCTests.xctest */ = {isa = PBXFileReference; explicitFileType = wrapper.cfbundle; includeInIndex = 0; path = videoCCCTests.xctest; sourceTree = BUILT_PRODUCTS_DIR; };
		959622D21F6E043E004A4F99 /* videoCCCTests.swift */ = {isa = PBXFileReference; lastKnownFileType = sourcecode.swift; path = videoCCCTests.swift; sourceTree = "<group>"; };
		959622D41F6E043E004A4F99 /* Info.plist */ = {isa = PBXFileReference; lastKnownFileType = text.plist.xml; path = Info.plist; sourceTree = "<group>"; };
		959622D91F6E043E004A4F99 /* videoCCCUITests.xctest */ = {isa = PBXFileReference; explicitFileType = wrapper.cfbundle; includeInIndex = 0; path = videoCCCUITests.xctest; sourceTree = BUILT_PRODUCTS_DIR; };
		959622DD1F6E043E004A4F99 /* videoCCCUITests.swift */ = {isa = PBXFileReference; lastKnownFileType = sourcecode.swift; path = videoCCCUITests.swift; sourceTree = "<group>"; };
		959622DF1F6E043E004A4F99 /* Info.plist */ = {isa = PBXFileReference; lastKnownFileType = text.plist.xml; path = Info.plist; sourceTree = "<group>"; };
		959622EB1F6E0802004A4F99 /* BirdCell.swift */ = {isa = PBXFileReference; fileEncoding = 4; lastKnownFileType = sourcecode.swift; path = BirdCell.swift; sourceTree = "<group>"; };
		959622ED1F6E0BCA004A4F99 /* BirdCellDelegate.swift */ = {isa = PBXFileReference; fileEncoding = 4; lastKnownFileType = sourcecode.swift; path = BirdCellDelegate.swift; sourceTree = "<group>"; };
/* End PBXFileReference section */

/* Begin PBXFrameworksBuildPhase section */
		959622B71F6E043D004A4F99 /* Frameworks */ = {
			isa = PBXFrameworksBuildPhase;
			buildActionMask = 2147483647;
			files = (
			);
			runOnlyForDeploymentPostprocessing = 0;
		};
		959622CB1F6E043E004A4F99 /* Frameworks */ = {
			isa = PBXFrameworksBuildPhase;
			buildActionMask = 2147483647;
			files = (
			);
			runOnlyForDeploymentPostprocessing = 0;
		};
		959622D61F6E043E004A4F99 /* Frameworks */ = {
			isa = PBXFrameworksBuildPhase;
			buildActionMask = 2147483647;
			files = (
			);
			runOnlyForDeploymentPostprocessing = 0;
		};
/* End PBXFrameworksBuildPhase section */

/* Begin PBXGroup section */
		959622B11F6E043D004A4F99 = {
			isa = PBXGroup;
			children = (
				959622BC1F6E043D004A4F99 /* videoCCC */,
				959622D11F6E043E004A4F99 /* videoCCCTests */,
				959622DC1F6E043E004A4F99 /* videoCCCUITests */,
				959622BB1F6E043D004A4F99 /* Products */,
			);
			sourceTree = "<group>";
		};
		959622BB1F6E043D004A4F99 /* Products */ = {
			isa = PBXGroup;
			children = (
				959622BA1F6E043D004A4F99 /* videoCCC.app */,
				959622CE1F6E043E004A4F99 /* videoCCCTests.xctest */,
				959622D91F6E043E004A4F99 /* videoCCCUITests.xctest */,
			);
			name = Products;
			sourceTree = "<group>";
		};
		959622BC1F6E043D004A4F99 /* videoCCC */ = {
			isa = PBXGroup;
			children = (
				959622BD1F6E043D004A4F99 /* AppDelegate.swift */,
				959622BF1F6E043D004A4F99 /* FirstTableViewController.swift */,
				959622C11F6E043D004A4F99 /* Main.storyboard */,
				959622ED1F6E0BCA004A4F99 /* BirdCellDelegate.swift */,
				959622EB1F6E0802004A4F99 /* BirdCell.swift */,
				959622C41F6E043D004A4F99 /* Assets.xcassets */,
				959622C61F6E043D004A4F99 /* LaunchScreen.storyboard */,
				959622C91F6E043D004A4F99 /* Info.plist */,
			);
			path = videoCCC;
			sourceTree = "<group>";
		};
		959622D11F6E043E004A4F99 /* videoCCCTests */ = {
			isa = PBXGroup;
			children = (
				959622D21F6E043E004A4F99 /* videoCCCTests.swift */,
				959622D41F6E043E004A4F99 /* Info.plist */,
			);
			path = videoCCCTests;
			sourceTree = "<group>";
		};
		959622DC1F6E043E004A4F99 /* videoCCCUITests */ = {
			isa = PBXGroup;
			children = (
				959622DD1F6E043E004A4F99 /* videoCCCUITests.swift */,
				959622DF1F6E043E004A4F99 /* Info.plist */,
			);
			path = videoCCCUITests;
			sourceTree = "<group>";
		};
/* End PBXGroup section */

/* Begin PBXNativeTarget section */
		959622B91F6E043D004A4F99 /* videoCCC */ = {
			isa = PBXNativeTarget;
			buildConfigurationList = 959622E21F6E043E004A4F99 /* Build configuration list for PBXNativeTarget "videoCCC" */;
			buildPhases = (
				959622B61F6E043D004A4F99 /* Sources */,
				959622B71F6E043D004A4F99 /* Frameworks */,
				959622B81F6E043D004A4F99 /* Resources */,
			);
			buildRules = (
			);
			dependencies = (
			);
			name = videoCCC;
			productName = videoCCC;
			productReference = 959622BA1F6E043D004A4F99 /* videoCCC.app */;
			productType = "com.apple.product-type.application";
		};
		959622CD1F6E043E004A4F99 /* videoCCCTests */ = {
			isa = PBXNativeTarget;
			buildConfigurationList = 959622E51F6E043E004A4F99 /* Build configuration list for PBXNativeTarget "videoCCCTests" */;
			buildPhases = (
				959622CA1F6E043E004A4F99 /* Sources */,
				959622CB1F6E043E004A4F99 /* Frameworks */,
				959622CC1F6E043E004A4F99 /* Resources */,
			);
			buildRules = (
			);
			dependencies = (
				959622D01F6E043E004A4F99 /* PBXTargetDependency */,
			);
			name = videoCCCTests;
			productName = videoCCCTests;
			productReference = 959622CE1F6E043E004A4F99 /* videoCCCTests.xctest */;
			productType = "com.apple.product-type.bundle.unit-test";
		};
		959622D81F6E043E004A4F99 /* videoCCCUITests */ = {
			isa = PBXNativeTarget;
			buildConfigurationList = 959622E81F6E043E004A4F99 /* Build configuration list for PBXNativeTarget "videoCCCUITests" */;
			buildPhases = (
				959622D51F6E043E004A4F99 /* Sources */,
				959622D61F6E043E004A4F99 /* Frameworks */,
				959622D71F6E043E004A4F99 /* Resources */,
			);
			buildRules = (
			);
			dependencies = (
				959622DB1F6E043E004A4F99 /* PBXTargetDependency */,
			);
			name = videoCCCUITests;
			productName = videoCCCUITests;
			productReference = 959622D91F6E043E004A4F99 /* videoCCCUITests.xctest */;
			productType = "com.apple.product-type.bundle.ui-testing";
		};
/* End PBXNativeTarget section */

/* Begin PBXProject section */
		959622B21F6E043D004A4F99 /* Project object */ = {
			isa = PBXProject;
			attributes = {
				LastSwiftUpdateCheck = 0830;
				LastUpgradeCheck = 0830;
				ORGANIZATIONNAME = "Amy Giver";
				TargetAttributes = {
					959622B91F6E043D004A4F99 = {
						CreatedOnToolsVersion = 8.3.3;
						DevelopmentTeam = LZJ74AK2BB;
						ProvisioningStyle = Automatic;
					};
					959622CD1F6E043E004A4F99 = {
						CreatedOnToolsVersion = 8.3.3;
						ProvisioningStyle = Automatic;
						TestTargetID = 959622B91F6E043D004A4F99;
					};
					959622D81F6E043E004A4F99 = {
						CreatedOnToolsVersion = 8.3.3;
						ProvisioningStyle = Automatic;
						TestTargetID = 959622B91F6E043D004A4F99;
					};
				};
			};
			buildConfigurationList = 959622B51F6E043D004A4F99 /* Build configuration list for PBXProject "videoCCC" */;
			compatibilityVersion = "Xcode 3.2";
			developmentRegion = English;
			hasScannedForEncodings = 0;
			knownRegions = (
				en,
				Base,
			);
			mainGroup = 959622B11F6E043D004A4F99;
			productRefGroup = 959622BB1F6E043D004A4F99 /* Products */;
			projectDirPath = "";
			projectRoot = "";
			targets = (
				959622B91F6E043D004A4F99 /* videoCCC */,
				959622CD1F6E043E004A4F99 /* videoCCCTests */,
				959622D81F6E043E004A4F99 /* videoCCCUITests */,
			);
		};
/* End PBXProject section */

/* Begin PBXResourcesBuildPhase section */
		959622B81F6E043D004A4F99 /* Resources */ = {
			isa = PBXResourcesBuildPhase;
			buildActionMask = 2147483647;
			files = (
				959622C81F6E043D004A4F99 /* LaunchScreen.storyboard in Resources */,
				959622C51F6E043D004A4F99 /* Assets.xcassets in Resources */,
				959622C31F6E043D004A4F99 /* Main.storyboard in Resources */,
			);
			runOnlyForDeploymentPostprocessing = 0;
		};
		959622CC1F6E043E004A4F99 /* Resources */ = {
			isa = PBXResourcesBuildPhase;
			buildActionMask = 2147483647;
			files = (
			);
			runOnlyForDeploymentPostprocessing = 0;
		};
		959622D71F6E043E004A4F99 /* Resources */ = {
			isa = PBXResourcesBuildPhase;
			buildActionMask = 2147483647;
			files = (
			);
			runOnlyForDeploymentPostprocessing = 0;
		};
/* End PBXResourcesBuildPhase section */

/* Begin PBXSourcesBuildPhase section */
		959622B61F6E043D004A4F99 /* Sources */ = {
			isa = PBXSourcesBuildPhase;
			buildActionMask = 2147483647;
			files = (
				959622C01F6E043D004A4F99 /* FirstTableViewController.swift in Sources */,
				959622EE1F6E0BCA004A4F99 /* BirdCellDelegate.swift in Sources */,
				959622EC1F6E0802004A4F99 /* BirdCell.swift in Sources */,
				959622BE1F6E043D004A4F99 /* AppDelegate.swift in Sources */,
			);
			runOnlyForDeploymentPostprocessing = 0;
		};
		959622CA1F6E043E004A4F99 /* Sources */ = {
			isa = PBXSourcesBuildPhase;
			buildActionMask = 2147483647;
			files = (
				959622D31F6E043E004A4F99 /* videoCCCTests.swift in Sources */,
			);
			runOnlyForDeploymentPostprocessing = 0;
		};
		959622D51F6E043E004A4F99 /* Sources */ = {
			isa = PBXSourcesBuildPhase;
			buildActionMask = 2147483647;
			files = (
				959622DE1F6E043E004A4F99 /* videoCCCUITests.swift in Sources */,
			);
			runOnlyForDeploymentPostprocessing = 0;
		};
/* End PBXSourcesBuildPhase section */

/* Begin PBXTargetDependency section */
		959622D01F6E043E004A4F99 /* PBXTargetDependency */ = {
			isa = PBXTargetDependency;
			target = 959622B91F6E043D004A4F99 /* videoCCC */;
			targetProxy = 959622CF1F6E043E004A4F99 /* PBXContainerItemProxy */;
		};
		959622DB1F6E043E004A4F99 /* PBXTargetDependency */ = {
			isa = PBXTargetDependency;
			target = 959622B91F6E043D004A4F99 /* videoCCC */;
			targetProxy = 959622DA1F6E043E004A4F99 /* PBXContainerItemProxy */;
		};
/* End PBXTargetDependency section */

/* Begin PBXVariantGroup section */
		959622C11F6E043D004A4F99 /* Main.storyboard */ = {
			isa = PBXVariantGroup;
			children = (
				959622C21F6E043D004A4F99 /* Base */,
			);
			name = Main.storyboard;
			sourceTree = "<group>";
		};
		959622C61F6E043D004A4F99 /* LaunchScreen.storyboard */ = {
			isa = PBXVariantGroup;
			children = (
				959622C71F6E043D004A4F99 /* Base */,
			);
			name = LaunchScreen.storyboard;
			sourceTree = "<group>";
		};
/* End PBXVariantGroup section */

/* Begin XCBuildConfiguration section */
		959622E01F6E043E004A4F99 /* Debug */ = {
			isa = XCBuildConfiguration;
			buildSettings = {
				ALWAYS_SEARCH_USER_PATHS = NO;
				CLANG_ANALYZER_NONNULL = YES;
				CLANG_ANALYZER_NUMBER_OBJECT_CONVERSION = YES_AGGRESSIVE;
				CLANG_CXX_LANGUAGE_STANDARD = "gnu++0x";
				CLANG_CXX_LIBRARY = "libc++";
				CLANG_ENABLE_MODULES = YES;
				CLANG_ENABLE_OBJC_ARC = YES;
				CLANG_WARN_BOOL_CONVERSION = YES;
				CLANG_WARN_CONSTANT_CONVERSION = YES;
				CLANG_WARN_DIRECT_OBJC_ISA_USAGE = YES_ERROR;
				CLANG_WARN_DOCUMENTATION_COMMENTS = YES;
				CLANG_WARN_EMPTY_BODY = YES;
				CLANG_WARN_ENUM_CONVERSION = YES;
				CLANG_WARN_INFINITE_RECURSION = YES;
				CLANG_WARN_INT_CONVERSION = YES;
				CLANG_WARN_OBJC_ROOT_CLASS = YES_ERROR;
				CLANG_WARN_SUSPICIOUS_MOVE = YES;
				CLANG_WARN_UNREACHABLE_CODE = YES;
				CLANG_WARN__DUPLICATE_METHOD_MATCH = YES;
				"CODE_SIGN_IDENTITY[sdk=iphoneos*]" = "iPhone Developer";
				COPY_PHASE_STRIP = NO;
				DEBUG_INFORMATION_FORMAT = dwarf;
				ENABLE_STRICT_OBJC_MSGSEND = YES;
				ENABLE_TESTABILITY = YES;
				GCC_C_LANGUAGE_STANDARD = gnu99;
				GCC_DYNAMIC_NO_PIC = NO;
				GCC_NO_COMMON_BLOCKS = YES;
				GCC_OPTIMIZATION_LEVEL = 0;
				GCC_PREPROCESSOR_DEFINITIONS = (
					"DEBUG=1",
					"$(inherited)",
				);
				GCC_WARN_64_TO_32_BIT_CONVERSION = YES;
				GCC_WARN_ABOUT_RETURN_TYPE = YES_ERROR;
				GCC_WARN_UNDECLARED_SELECTOR = YES;
				GCC_WARN_UNINITIALIZED_AUTOS = YES_AGGRESSIVE;
				GCC_WARN_UNUSED_FUNCTION = YES;
				GCC_WARN_UNUSED_VARIABLE = YES;
				IPHONEOS_DEPLOYMENT_TARGET = 10.3;
				MTL_ENABLE_DEBUG_INFO = YES;
				ONLY_ACTIVE_ARCH = YES;
				SDKROOT = iphoneos;
				SWIFT_ACTIVE_COMPILATION_CONDITIONS = DEBUG;
				SWIFT_OPTIMIZATION_LEVEL = "-Onone";
				TARGETED_DEVICE_FAMILY = "1,2";
			};
			name = Debug;
		};
		959622E11F6E043E004A4F99 /* Release */ = {
			isa = XCBuildConfiguration;
			buildSettings = {
				ALWAYS_SEARCH_USER_PATHS = NO;
				CLANG_ANALYZER_NONNULL = YES;
				CLANG_ANALYZER_NUMBER_OBJECT_CONVERSION = YES_AGGRESSIVE;
				CLANG_CXX_LANGUAGE_STANDARD = "gnu++0x";
				CLANG_CXX_LIBRARY = "libc++";
				CLANG_ENABLE_MODULES = YES;
				CLANG_ENABLE_OBJC_ARC = YES;
				CLANG_WARN_BOOL_CONVERSION = YES;
				CLANG_WARN_CONSTANT_CONVERSION = YES;
				CLANG_WARN_DIRECT_OBJC_ISA_USAGE = YES_ERROR;
				CLANG_WARN_DOCUMENTATION_COMMENTS = YES;
				CLANG_WARN_EMPTY_BODY = YES;
				CLANG_WARN_ENUM_CONVERSION = YES;
				CLANG_WARN_INFINITE_RECURSION = YES;
				CLANG_WARN_INT_CONVERSION = YES;
				CLANG_WARN_OBJC_ROOT_CLASS = YES_ERROR;
				CLANG_WARN_SUSPICIOUS_MOVE = YES;
				CLANG_WARN_UNREACHABLE_CODE = YES;
				CLANG_WARN__DUPLICATE_METHOD_MATCH = YES;
				"CODE_SIGN_IDENTITY[sdk=iphoneos*]" = "iPhone Developer";
				COPY_PHASE_STRIP = NO;
				DEBUG_INFORMATION_FORMAT = "dwarf-with-dsym";
				ENABLE_NS_ASSERTIONS = NO;
				ENABLE_STRICT_OBJC_MSGSEND = YES;
				GCC_C_LANGUAGE_STANDARD = gnu99;
				GCC_NO_COMMON_BLOCKS = YES;
				GCC_WARN_64_TO_32_BIT_CONVERSION = YES;
				GCC_WARN_ABOUT_RETURN_TYPE = YES_ERROR;
				GCC_WARN_UNDECLARED_SELECTOR = YES;
				GCC_WARN_UNINITIALIZED_AUTOS = YES_AGGRESSIVE;
				GCC_WARN_UNUSED_FUNCTION = YES;
				GCC_WARN_UNUSED_VARIABLE = YES;
				IPHONEOS_DEPLOYMENT_TARGET = 10.3;
				MTL_ENABLE_DEBUG_INFO = NO;
				SDKROOT = iphoneos;
				SWIFT_OPTIMIZATION_LEVEL = "-Owholemodule";
				TARGETED_DEVICE_FAMILY = "1,2";
				VALIDATE_PRODUCT = YES;
			};
			name = Release;
		};
		959622E31F6E043E004A4F99 /* Debug */ = {
			isa = XCBuildConfiguration;
			buildSettings = {
				ASSETCATALOG_COMPILER_APPICON_NAME = AppIcon;
				DEVELOPMENT_TEAM = LZJ74AK2BB;
				INFOPLIST_FILE = videoCCC/Info.plist;
				LD_RUNPATH_SEARCH_PATHS = "$(inherited) @executable_path/Frameworks";
				PRODUCT_BUNDLE_IDENTIFIER = codingdojo.videoCCC;
				PRODUCT_NAME = "$(TARGET_NAME)";
				SWIFT_VERSION = 3.0;
			};
			name = Debug;
		};
		959622E41F6E043E004A4F99 /* Release */ = {
			isa = XCBuildConfiguration;
			buildSettings = {
				ASSETCATALOG_COMPILER_APPICON_NAME = AppIcon;
				DEVELOPMENT_TEAM = LZJ74AK2BB;
				INFOPLIST_FILE = videoCCC/Info.plist;
				LD_RUNPATH_SEARCH_PATHS = "$(inherited) @executable_path/Frameworks";
				PRODUCT_BUNDLE_IDENTIFIER = codingdojo.videoCCC;
				PRODUCT_NAME = "$(TARGET_NAME)";
				SWIFT_VERSION = 3.0;
			};
			name = Release;
		};
		959622E61F6E043E004A4F99 /* Debug */ = {
			isa = XCBuildConfiguration;
			buildSettings = {
				ALWAYS_EMBED_SWIFT_STANDARD_LIBRARIES = YES;
				BUNDLE_LOADER = "$(TEST_HOST)";
				INFOPLIST_FILE = videoCCCTests/Info.plist;
				LD_RUNPATH_SEARCH_PATHS = "$(inherited) @executable_path/Frameworks @loader_path/Frameworks";
				PRODUCT_BUNDLE_IDENTIFIER = codingdojo.videoCCCTests;
				PRODUCT_NAME = "$(TARGET_NAME)";
				SWIFT_VERSION = 3.0;
				TEST_HOST = "$(BUILT_PRODUCTS_DIR)/videoCCC.app/videoCCC";
			};
			name = Debug;
		};
		959622E71F6E043E004A4F99 /* Release */ = {
			isa = XCBuildConfiguration;
			buildSettings = {
				ALWAYS_EMBED_SWIFT_STANDARD_LIBRARIES = YES;
				BUNDLE_LOADER = "$(TEST_HOST)";
				INFOPLIST_FILE = videoCCCTests/Info.plist;
				LD_RUNPATH_SEARCH_PATHS = "$(inherited) @executable_path/Frameworks @loader_path/Frameworks";
				PRODUCT_BUNDLE_IDENTIFIER = codingdojo.videoCCCTests;
				PRODUCT_NAME = "$(TARGET_NAME)";
				SWIFT_VERSION = 3.0;
				TEST_HOST = "$(BUILT_PRODUCTS_DIR)/videoCCC.app/videoCCC";
			};
			name = Release;
		};
		959622E91F6E043E004A4F99 /* Debug */ = {
			isa = XCBuildConfiguration;
			buildSettings = {
				ALWAYS_EMBED_SWIFT_STANDARD_LIBRARIES = YES;
				INFOPLIST_FILE = videoCCCUITests/Info.plist;
				LD_RUNPATH_SEARCH_PATHS = "$(inherited) @executable_path/Frameworks @loader_path/Frameworks";
				PRODUCT_BUNDLE_IDENTIFIER = codingdojo.videoCCCUITests;
				PRODUCT_NAME = "$(TARGET_NAME)";
				SWIFT_VERSION = 3.0;
				TEST_TARGET_NAME = videoCCC;
			};
			name = Debug;
		};
		959622EA1F6E043E004A4F99 /* Release */ = {
			isa = XCBuildConfiguration;
			buildSettings = {
				ALWAYS_EMBED_SWIFT_STANDARD_LIBRARIES = YES;
				INFOPLIST_FILE = videoCCCUITests/Info.plist;
				LD_RUNPATH_SEARCH_PATHS = "$(inherited) @executable_path/Frameworks @loader_path/Frameworks";
				PRODUCT_BUNDLE_IDENTIFIER = codingdojo.videoCCCUITests;
				PRODUCT_NAME = "$(TARGET_NAME)";
				SWIFT_VERSION = 3.0;
				TEST_TARGET_NAME = videoCCC;
			};
			name = Release;
		};
/* End XCBuildConfiguration section */

/* Begin XCConfigurationList section */
		959622B51F6E043D004A4F99 /* Build configuration list for PBXProject "videoCCC" */ = {
			isa = XCConfigurationList;
			buildConfigurations = (
				959622E01F6E043E004A4F99 /* Debug */,
				959622E11F6E043E004A4F99 /* Release */,
			);
			defaultConfigurationIsVisible = 0;
			defaultConfigurationName = Release;
		};
		959622E21F6E043E004A4F99 /* Build configuration list for PBXNativeTarget "videoCCC" */ = {
			isa = XCConfigurationList;
			buildConfigurations = (
				959622E31F6E043E004A4F99 /* Debug */,
				959622E41F6E043E004A4F99 /* Release */,
			);
			defaultConfigurationIsVisible = 0;
		};
		959622E51F6E043E004A4F99 /* Build configuration list for PBXNativeTarget "videoCCCTests" */ = {
			isa = XCConfigurationList;
			buildConfigurations = (
				959622E61F6E043E004A4F99 /* Debug */,
				959622E71F6E043E004A4F99 /* Release */,
			);
			defaultConfigurationIsVisible = 0;
		};
		959622E81F6E043E004A4F99 /* Build configuration list for PBXNativeTarget "videoCCCUITests" */ = {
			isa = XCConfigurationList;
			buildConfigurations = (
				959622E91F6E043E004A4F99 /* Debug */,
				959622EA1F6E043E004A4F99 /* Release */,
			);
			defaultConfigurationIsVisible = 0;
		};
/* End XCConfigurationList section */
	};
	rootObject = 959622B21F6E043D004A4F99 /* Project object */;
}
